// !$*UTF8*$!
{
	archiveVersion = 1;
	classes = {
	};
	objectVersion = 46;
	objects = {

/* Begin PBXBuildFile section */
		4C20A595ECBE422F9ECF7C49 /* libPods.a in Frameworks */ = {isa = PBXBuildFile; fileRef = DB8D8A52036F44619AD97A0C /* libPods.a */; };
		6C4FB30719936AA800084B82 /* SHSAnnouncementsView.m in Sources */ = {isa = PBXBuildFile; fileRef = 6C4FB30619936AA800084B82 /* SHSAnnouncementsView.m */; };
		6C4FB30A19936AB500084B82 /* SHSCalendarView.m in Sources */ = {isa = PBXBuildFile; fileRef = 6C4FB30919936AB500084B82 /* SHSCalendarView.m */; };
		6C4FB31D1993731500084B82 /* newsTab@2x.png in Resources */ = {isa = PBXBuildFile; fileRef = 6C4FB31C1993731500084B82 /* newsTab@2x.png */; };
		6C4FB322199373E500084B82 /* bellTab@2x.png in Resources */ = {isa = PBXBuildFile; fileRef = 6C4FB31E199373E500084B82 /* bellTab@2x.png */; };
		6C4FB323199373E500084B82 /* directoryTab@2x.png in Resources */ = {isa = PBXBuildFile; fileRef = 6C4FB31F199373E500084B82 /* directoryTab@2x.png */; };
		6C4FB325199373E500084B82 /* meTab@2x.png in Resources */ = {isa = PBXBuildFile; fileRef = 6C4FB321199373E500084B82 /* meTab@2x.png */; };
		6C4FB3291993749200084B82 /* homeTab@2x.png in Resources */ = {isa = PBXBuildFile; fileRef = 6C4FB3281993749200084B82 /* homeTab@2x.png */; };
		6C4FB32F1993755800084B82 /* SHSNewsViewController.m in Sources */ = {isa = PBXBuildFile; fileRef = 6C4FB32E1993755800084B82 /* SHSNewsViewController.m */; };
		6C6E5B2E199301FE00B26782 /* Foundation.framework in Frameworks */ = {isa = PBXBuildFile; fileRef = 6C6E5B2D199301FE00B26782 /* Foundation.framework */; };
		6C6E5B30199301FE00B26782 /* CoreGraphics.framework in Frameworks */ = {isa = PBXBuildFile; fileRef = 6C6E5B2F199301FE00B26782 /* CoreGraphics.framework */; };
		6C6E5B32199301FE00B26782 /* UIKit.framework in Frameworks */ = {isa = PBXBuildFile; fileRef = 6C6E5B31199301FE00B26782 /* UIKit.framework */; };
		6C6E5B38199301FE00B26782 /* InfoPlist.strings in Resources */ = {isa = PBXBuildFile; fileRef = 6C6E5B36199301FE00B26782 /* InfoPlist.strings */; };
		6C6E5B3A199301FE00B26782 /* main.m in Sources */ = {isa = PBXBuildFile; fileRef = 6C6E5B39199301FE00B26782 /* main.m */; };
		6C6E5B3E199301FE00B26782 /* SHSAppDelegate.m in Sources */ = {isa = PBXBuildFile; fileRef = 6C6E5B3D199301FE00B26782 /* SHSAppDelegate.m */; };
		6C6E5B41199301FE00B26782 /* Main.storyboard in Resources */ = {isa = PBXBuildFile; fileRef = 6C6E5B3F199301FE00B26782 /* Main.storyboard */; };
		6C6E5B49199301FE00B26782 /* Images.xcassets in Resources */ = {isa = PBXBuildFile; fileRef = 6C6E5B48199301FE00B26782 /* Images.xcassets */; };
		6C6E5B50199301FE00B26782 /* XCTest.framework in Frameworks */ = {isa = PBXBuildFile; fileRef = 6C6E5B4F199301FE00B26782 /* XCTest.framework */; };
		6C6E5B51199301FE00B26782 /* Foundation.framework in Frameworks */ = {isa = PBXBuildFile; fileRef = 6C6E5B2D199301FE00B26782 /* Foundation.framework */; };
		6C6E5B52199301FE00B26782 /* UIKit.framework in Frameworks */ = {isa = PBXBuildFile; fileRef = 6C6E5B31199301FE00B26782 /* UIKit.framework */; };
		6C6E5B5A199301FE00B26782 /* InfoPlist.strings in Resources */ = {isa = PBXBuildFile; fileRef = 6C6E5B58199301FE00B26782 /* InfoPlist.strings */; };
		6C6E5B5C199301FE00B26782 /* SHSAppTests.m in Sources */ = {isa = PBXBuildFile; fileRef = 6C6E5B5B199301FE00B26782 /* SHSAppTests.m */; };
		6C6E5B6719930FBA00B26782 /* SHSHomeViewController.m in Sources */ = {isa = PBXBuildFile; fileRef = 6C6E5B6619930FBA00B26782 /* SHSHomeViewController.m */; };
		6C6E5B6A19932AFC00B26782 /* SHSBellScheduleViewController.m in Sources */ = {isa = PBXBuildFile; fileRef = 6C6E5B6919932AFC00B26782 /* SHSBellScheduleViewController.m */; };
		6C6E5B6D19932D6100B26782 /* SHSMeViewController.m in Sources */ = {isa = PBXBuildFile; fileRef = 6C6E5B6C19932D6100B26782 /* SHSMeViewController.m */; };
		6C6E5B7019932DB300B26782 /* SHSDirectoryViewController.m in Sources */ = {isa = PBXBuildFile; fileRef = 6C6E5B6F19932DB300B26782 /* SHSDirectoryViewController.m */; };
		6CCE26941994B3F100FC4A5B /* SHSDirectoryTableViewCell.m in Sources */ = {isa = PBXBuildFile; fileRef = 6CCE26921994B3F100FC4A5B /* SHSDirectoryTableViewCell.m */; };
		6CCE26951994B3F100FC4A5B /* SHSDirectoryTableViewCell.xib in Resources */ = {isa = PBXBuildFile; fileRef = 6CCE26931994B3F100FC4A5B /* SHSDirectoryTableViewCell.xib */; };
/* End PBXBuildFile section */

/* Begin PBXContainerItemProxy section */
		6C6E5B53199301FE00B26782 /* PBXContainerItemProxy */ = {
			isa = PBXContainerItemProxy;
			containerPortal = 6C6E5B22199301FE00B26782 /* Project object */;
			proxyType = 1;
			remoteGlobalIDString = 6C6E5B29199301FE00B26782;
			remoteInfo = SHSApp;
		};
/* End PBXContainerItemProxy section */

/* Begin PBXFileReference section */
		6C4FB30519936AA800084B82 /* SHSAnnouncementsView.h */ = {isa = PBXFileReference; fileEncoding = 4; lastKnownFileType = sourcecode.c.h; path = SHSAnnouncementsView.h; sourceTree = "<group>"; };
		6C4FB30619936AA800084B82 /* SHSAnnouncementsView.m */ = {isa = PBXFileReference; fileEncoding = 4; lastKnownFileType = sourcecode.c.objc; path = SHSAnnouncementsView.m; sourceTree = "<group>"; };
		6C4FB30819936AB500084B82 /* SHSCalendarView.h */ = {isa = PBXFileReference; fileEncoding = 4; lastKnownFileType = sourcecode.c.h; path = SHSCalendarView.h; sourceTree = "<group>"; };
		6C4FB30919936AB500084B82 /* SHSCalendarView.m */ = {isa = PBXFileReference; fileEncoding = 4; lastKnownFileType = sourcecode.c.objc; path = SHSCalendarView.m; sourceTree = "<group>"; };
		6C4FB31C1993731500084B82 /* newsTab@2x.png */ = {isa = PBXFileReference; lastKnownFileType = image.png; path = "newsTab@2x.png"; sourceTree = "<group>"; };
		6C4FB31E199373E500084B82 /* bellTab@2x.png */ = {isa = PBXFileReference; lastKnownFileType = image.png; path = "bellTab@2x.png"; sourceTree = "<group>"; };
		6C4FB31F199373E500084B82 /* directoryTab@2x.png */ = {isa = PBXFileReference; lastKnownFileType = image.png; path = "directoryTab@2x.png"; sourceTree = "<group>"; };
		6C4FB321199373E500084B82 /* meTab@2x.png */ = {isa = PBXFileReference; lastKnownFileType = image.png; path = "meTab@2x.png"; sourceTree = "<group>"; };
		6C4FB3281993749200084B82 /* homeTab@2x.png */ = {isa = PBXFileReference; lastKnownFileType = image.png; path = "homeTab@2x.png"; sourceTree = "<group>"; };
		6C4FB32D1993755800084B82 /* SHSNewsViewController.h */ = {isa = PBXFileReference; fileEncoding = 4; lastKnownFileType = sourcecode.c.h; path = SHSNewsViewController.h; sourceTree = "<group>"; };
		6C4FB32E1993755800084B82 /* SHSNewsViewController.m */ = {isa = PBXFileReference; fileEncoding = 4; lastKnownFileType = sourcecode.c.objc; path = SHSNewsViewController.m; sourceTree = "<group>"; };
		6C6E5B2A199301FE00B26782 /* SHSApp.app */ = {isa = PBXFileReference; explicitFileType = wrapper.application; includeInIndex = 0; path = SHSApp.app; sourceTree = BUILT_PRODUCTS_DIR; };
		6C6E5B2D199301FE00B26782 /* Foundation.framework */ = {isa = PBXFileReference; lastKnownFileType = wrapper.framework; name = Foundation.framework; path = System/Library/Frameworks/Foundation.framework; sourceTree = SDKROOT; };
		6C6E5B2F199301FE00B26782 /* CoreGraphics.framework */ = {isa = PBXFileReference; lastKnownFileType = wrapper.framework; name = CoreGraphics.framework; path = System/Library/Frameworks/CoreGraphics.framework; sourceTree = SDKROOT; };
		6C6E5B31199301FE00B26782 /* UIKit.framework */ = {isa = PBXFileReference; lastKnownFileType = wrapper.framework; name = UIKit.framework; path = System/Library/Frameworks/UIKit.framework; sourceTree = SDKROOT; };
		6C6E5B35199301FE00B26782 /* SHSApp-Info.plist */ = {isa = PBXFileReference; lastKnownFileType = text.plist.xml; path = "SHSApp-Info.plist"; sourceTree = "<group>"; };
		6C6E5B37199301FE00B26782 /* en */ = {isa = PBXFileReference; lastKnownFileType = text.plist.strings; name = en; path = en.lproj/InfoPlist.strings; sourceTree = "<group>"; };
		6C6E5B39199301FE00B26782 /* main.m */ = {isa = PBXFileReference; lastKnownFileType = sourcecode.c.objc; path = main.m; sourceTree = "<group>"; };
		6C6E5B3B199301FE00B26782 /* SHSApp-Prefix.pch */ = {isa = PBXFileReference; lastKnownFileType = sourcecode.c.h; path = "SHSApp-Prefix.pch"; sourceTree = "<group>"; };
		6C6E5B3C199301FE00B26782 /* SHSAppDelegate.h */ = {isa = PBXFileReference; lastKnownFileType = sourcecode.c.h; path = SHSAppDelegate.h; sourceTree = "<group>"; };
		6C6E5B3D199301FE00B26782 /* SHSAppDelegate.m */ = {isa = PBXFileReference; lastKnownFileType = sourcecode.c.objc; path = SHSAppDelegate.m; sourceTree = "<group>"; };
		6C6E5B40199301FE00B26782 /* Base */ = {isa = PBXFileReference; lastKnownFileType = file.storyboard; name = Base; path = Base.lproj/Main.storyboard; sourceTree = "<group>"; };
		6C6E5B48199301FE00B26782 /* Images.xcassets */ = {isa = PBXFileReference; lastKnownFileType = folder.assetcatalog; path = Images.xcassets; sourceTree = "<group>"; };
		6C6E5B4E199301FE00B26782 /* SHSAppTests.xctest */ = {isa = PBXFileReference; explicitFileType = wrapper.cfbundle; includeInIndex = 0; path = SHSAppTests.xctest; sourceTree = BUILT_PRODUCTS_DIR; };
		6C6E5B4F199301FE00B26782 /* XCTest.framework */ = {isa = PBXFileReference; lastKnownFileType = wrapper.framework; name = XCTest.framework; path = Library/Frameworks/XCTest.framework; sourceTree = DEVELOPER_DIR; };
		6C6E5B57199301FE00B26782 /* SHSAppTests-Info.plist */ = {isa = PBXFileReference; lastKnownFileType = text.plist.xml; path = "SHSAppTests-Info.plist"; sourceTree = "<group>"; };
		6C6E5B59199301FE00B26782 /* en */ = {isa = PBXFileReference; lastKnownFileType = text.plist.strings; name = en; path = en.lproj/InfoPlist.strings; sourceTree = "<group>"; };
		6C6E5B5B199301FE00B26782 /* SHSAppTests.m */ = {isa = PBXFileReference; lastKnownFileType = sourcecode.c.objc; path = SHSAppTests.m; sourceTree = "<group>"; };
		6C6E5B6519930FBA00B26782 /* SHSHomeViewController.h */ = {isa = PBXFileReference; fileEncoding = 4; lastKnownFileType = sourcecode.c.h; path = SHSHomeViewController.h; sourceTree = "<group>"; };
		6C6E5B6619930FBA00B26782 /* SHSHomeViewController.m */ = {isa = PBXFileReference; fileEncoding = 4; lastKnownFileType = sourcecode.c.objc; path = SHSHomeViewController.m; sourceTree = "<group>"; };
		6C6E5B6819932AFC00B26782 /* SHSBellScheduleViewController.h */ = {isa = PBXFileReference; fileEncoding = 4; lastKnownFileType = sourcecode.c.h; path = SHSBellScheduleViewController.h; sourceTree = "<group>"; };
		6C6E5B6919932AFC00B26782 /* SHSBellScheduleViewController.m */ = {isa = PBXFileReference; fileEncoding = 4; lastKnownFileType = sourcecode.c.objc; path = SHSBellScheduleViewController.m; sourceTree = "<group>"; };
		6C6E5B6B19932D6100B26782 /* SHSMeViewController.h */ = {isa = PBXFileReference; fileEncoding = 4; lastKnownFileType = sourcecode.c.h; path = SHSMeViewController.h; sourceTree = "<group>"; };
		6C6E5B6C19932D6100B26782 /* SHSMeViewController.m */ = {isa = PBXFileReference; fileEncoding = 4; lastKnownFileType = sourcecode.c.objc; path = SHSMeViewController.m; sourceTree = "<group>"; };
		6C6E5B6E19932DB300B26782 /* SHSDirectoryViewController.h */ = {isa = PBXFileReference; fileEncoding = 4; lastKnownFileType = sourcecode.c.h; path = SHSDirectoryViewController.h; sourceTree = "<group>"; };
		6C6E5B6F19932DB300B26782 /* SHSDirectoryViewController.m */ = {isa = PBXFileReference; fileEncoding = 4; lastKnownFileType = sourcecode.c.objc; path = SHSDirectoryViewController.m; sourceTree = "<group>"; };
		6CCE26911994B3F100FC4A5B /* SHSDirectoryTableViewCell.h */ = {isa = PBXFileReference; fileEncoding = 4; lastKnownFileType = sourcecode.c.h; path = SHSDirectoryTableViewCell.h; sourceTree = "<group>"; };
		6CCE26921994B3F100FC4A5B /* SHSDirectoryTableViewCell.m */ = {isa = PBXFileReference; fileEncoding = 4; lastKnownFileType = sourcecode.c.objc; path = SHSDirectoryTableViewCell.m; sourceTree = "<group>"; };
		6CCE26931994B3F100FC4A5B /* SHSDirectoryTableViewCell.xib */ = {isa = PBXFileReference; fileEncoding = 4; lastKnownFileType = file.xib; path = SHSDirectoryTableViewCell.xib; sourceTree = "<group>"; };
		C1211A730D5B476EBA19EDFF /* Pods.xcconfig */ = {isa = PBXFileReference; includeInIndex = 1; lastKnownFileType = text.xcconfig; name = Pods.xcconfig; path = Pods/Pods.xcconfig; sourceTree = "<group>"; };
		DB8D8A52036F44619AD97A0C /* libPods.a */ = {isa = PBXFileReference; explicitFileType = archive.ar; includeInIndex = 0; path = libPods.a; sourceTree = BUILT_PRODUCTS_DIR; };
/* End PBXFileReference section */

/* Begin PBXFrameworksBuildPhase section */
		6C6E5B27199301FE00B26782 /* Frameworks */ = {
			isa = PBXFrameworksBuildPhase;
			buildActionMask = 2147483647;
			files = (
				6C6E5B30199301FE00B26782 /* CoreGraphics.framework in Frameworks */,
				6C6E5B32199301FE00B26782 /* UIKit.framework in Frameworks */,
				6C6E5B2E199301FE00B26782 /* Foundation.framework in Frameworks */,
				4C20A595ECBE422F9ECF7C49 /* libPods.a in Frameworks */,
			);
			runOnlyForDeploymentPostprocessing = 0;
		};
		6C6E5B4B199301FE00B26782 /* Frameworks */ = {
			isa = PBXFrameworksBuildPhase;
			buildActionMask = 2147483647;
			files = (
				6C6E5B50199301FE00B26782 /* XCTest.framework in Frameworks */,
				6C6E5B52199301FE00B26782 /* UIKit.framework in Frameworks */,
				6C6E5B51199301FE00B26782 /* Foundation.framework in Frameworks */,
			);
			runOnlyForDeploymentPostprocessing = 0;
		};
/* End PBXFrameworksBuildPhase section */

/* Begin PBXGroup section */
		6C14ADD3199453FF0070405D /* Bell Tab */ = {
			isa = PBXGroup;
			children = (
				6C6E5B6819932AFC00B26782 /* SHSBellScheduleViewController.h */,
				6C6E5B6919932AFC00B26782 /* SHSBellScheduleViewController.m */,
			);
			name = "Bell Tab";
			sourceTree = "<group>";
		};
		6C4FB3191993722100084B82 /* assets */ = {
			isa = PBXGroup;
			children = (
				6C4FB31C1993731500084B82 /* newsTab@2x.png */,
				6C4FB3281993749200084B82 /* homeTab@2x.png */,
				6C4FB31E199373E500084B82 /* bellTab@2x.png */,
				6C4FB31F199373E500084B82 /* directoryTab@2x.png */,
				6C4FB321199373E500084B82 /* meTab@2x.png */,
			);
			name = assets;
			sourceTree = "<group>";
		};
		6C4FB3D219941C3600084B82 /* Home Tab */ = {
			isa = PBXGroup;
			children = (
				6C4FB30519936AA800084B82 /* SHSAnnouncementsView.h */,
				6C4FB30619936AA800084B82 /* SHSAnnouncementsView.m */,
				6C4FB30819936AB500084B82 /* SHSCalendarView.h */,
				6C4FB30919936AB500084B82 /* SHSCalendarView.m */,
				6C6E5B6519930FBA00B26782 /* SHSHomeViewController.h */,
				6C6E5B6619930FBA00B26782 /* SHSHomeViewController.m */,
			);
			name = "Home Tab";
			sourceTree = "<group>";
		};
		6C50F6E71994AA54008CB51D /* View */ = {
			isa = PBXGroup;
			children = (
				6CCE26911994B3F100FC4A5B /* SHSDirectoryTableViewCell.h */,
				6CCE26921994B3F100FC4A5B /* SHSDirectoryTableViewCell.m */,
				6CCE26931994B3F100FC4A5B /* SHSDirectoryTableViewCell.xib */,
			);
			name = View;
			sourceTree = "<group>";
		};
		6C6E5B21199301FE00B26782 = {
			isa = PBXGroup;
			children = (
				6C6E5B33199301FE00B26782 /* SHSApp */,
				6C6E5B55199301FE00B26782 /* SHSAppTests */,
				6C6E5B2C199301FE00B26782 /* Frameworks */,
				6C6E5B2B199301FE00B26782 /* Products */,
				C1211A730D5B476EBA19EDFF /* Pods.xcconfig */,
			);
			sourceTree = "<group>";
		};
		6C6E5B2B199301FE00B26782 /* Products */ = {
			isa = PBXGroup;
			children = (
				6C6E5B2A199301FE00B26782 /* SHSApp.app */,
				6C6E5B4E199301FE00B26782 /* SHSAppTests.xctest */,
			);
			name = Products;
			sourceTree = "<group>";
		};
		6C6E5B2C199301FE00B26782 /* Frameworks */ = {
			isa = PBXGroup;
			children = (
				6C6E5B2D199301FE00B26782 /* Foundation.framework */,
				6C6E5B2F199301FE00B26782 /* CoreGraphics.framework */,
				6C6E5B31199301FE00B26782 /* UIKit.framework */,
				6C6E5B4F199301FE00B26782 /* XCTest.framework */,
				DB8D8A52036F44619AD97A0C /* libPods.a */,
			);
			name = Frameworks;
			sourceTree = "<group>";
		};
		6C6E5B33199301FE00B26782 /* SHSApp */ = {
			isa = PBXGroup;
			children = (
				6C6E5B3C199301FE00B26782 /* SHSAppDelegate.h */,
				6C6E5B3D199301FE00B26782 /* SHSAppDelegate.m */,
				6C6E5B3F199301FE00B26782 /* Main.storyboard */,
				6C4FB3D219941C3600084B82 /* Home Tab */,
				6C14ADD3199453FF0070405D /* Bell Tab */,
				6C6E5B6B19932D6100B26782 /* SHSMeViewController.h */,
				6C6E5B6C19932D6100B26782 /* SHSMeViewController.m */,
				6C6E5B6E19932DB300B26782 /* SHSDirectoryViewController.h */,
				6C6E5B6F19932DB300B26782 /* SHSDirectoryViewController.m */,
				6C50F6E71994AA54008CB51D /* View */,
				6C4FB32D1993755800084B82 /* SHSNewsViewController.h */,
				6C4FB32E1993755800084B82 /* SHSNewsViewController.m */,
				6C4FB3191993722100084B82 /* assets */,
				6C6E5B48199301FE00B26782 /* Images.xcassets */,
				6C6E5B34199301FE00B26782 /* Supporting Files */,
			);
			path = SHSApp;
			sourceTree = "<group>";
		};
		6C6E5B34199301FE00B26782 /* Supporting Files */ = {
			isa = PBXGroup;
			children = (
				6C6E5B35199301FE00B26782 /* SHSApp-Info.plist */,
				6C6E5B36199301FE00B26782 /* InfoPlist.strings */,
				6C6E5B39199301FE00B26782 /* main.m */,
				6C6E5B3B199301FE00B26782 /* SHSApp-Prefix.pch */,
			);
			name = "Supporting Files";
			sourceTree = "<group>";
		};
		6C6E5B55199301FE00B26782 /* SHSAppTests */ = {
			isa = PBXGroup;
			children = (
				6C6E5B5B199301FE00B26782 /* SHSAppTests.m */,
				6C6E5B56199301FE00B26782 /* Supporting Files */,
			);
			path = SHSAppTests;
			sourceTree = "<group>";
		};
		6C6E5B56199301FE00B26782 /* Supporting Files */ = {
			isa = PBXGroup;
			children = (
				6C6E5B57199301FE00B26782 /* SHSAppTests-Info.plist */,
				6C6E5B58199301FE00B26782 /* InfoPlist.strings */,
			);
			name = "Supporting Files";
			sourceTree = "<group>";
		};
/* End PBXGroup section */

/* Begin PBXNativeTarget section */
		6C6E5B29199301FE00B26782 /* SHSApp */ = {
			isa = PBXNativeTarget;
			buildConfigurationList = 6C6E5B5F199301FE00B26782 /* Build configuration list for PBXNativeTarget "SHSApp" */;
			buildPhases = (
				58E6850BAE2D47DCBB5F68A6 /* Check Pods Manifest.lock */,
				6C6E5B26199301FE00B26782 /* Sources */,
				6C6E5B27199301FE00B26782 /* Frameworks */,
				6C6E5B28199301FE00B26782 /* Resources */,
				B0955AC3F6FD488690182B2C /* Copy Pods Resources */,
			);
			buildRules = (
			);
			dependencies = (
			);
			name = SHSApp;
			productName = SHSApp;
			productReference = 6C6E5B2A199301FE00B26782 /* SHSApp.app */;
			productType = "com.apple.product-type.application";
		};
		6C6E5B4D199301FE00B26782 /* SHSAppTests */ = {
			isa = PBXNativeTarget;
			buildConfigurationList = 6C6E5B62199301FE00B26782 /* Build configuration list for PBXNativeTarget "SHSAppTests" */;
			buildPhases = (
				6C6E5B4A199301FE00B26782 /* Sources */,
				6C6E5B4B199301FE00B26782 /* Frameworks */,
				6C6E5B4C199301FE00B26782 /* Resources */,
			);
			buildRules = (
			);
			dependencies = (
				6C6E5B54199301FE00B26782 /* PBXTargetDependency */,
			);
			name = SHSAppTests;
			productName = SHSAppTests;
			productReference = 6C6E5B4E199301FE00B26782 /* SHSAppTests.xctest */;
			productType = "com.apple.product-type.bundle.unit-test";
		};
/* End PBXNativeTarget section */

/* Begin PBXProject section */
		6C6E5B22199301FE00B26782 /* Project object */ = {
			isa = PBXProject;
			attributes = {
				CLASSPREFIX = SHS;
				LastUpgradeCheck = 0510;
				ORGANIZATIONNAME = "Spencer Yen";
				TargetAttributes = {
					6C6E5B4D199301FE00B26782 = {
						TestTargetID = 6C6E5B29199301FE00B26782;
					};
				};
			};
			buildConfigurationList = 6C6E5B25199301FE00B26782 /* Build configuration list for PBXProject "SHSApp" */;
			compatibilityVersion = "Xcode 3.2";
			developmentRegion = English;
			hasScannedForEncodings = 0;
			knownRegions = (
				en,
				Base,
			);
			mainGroup = 6C6E5B21199301FE00B26782;
			productRefGroup = 6C6E5B2B199301FE00B26782 /* Products */;
			projectDirPath = "";
			projectRoot = "";
			targets = (
				6C6E5B29199301FE00B26782 /* SHSApp */,
				6C6E5B4D199301FE00B26782 /* SHSAppTests */,
			);
		};
/* End PBXProject section */

/* Begin PBXResourcesBuildPhase section */
		6C6E5B28199301FE00B26782 /* Resources */ = {
			isa = PBXResourcesBuildPhase;
			buildActionMask = 2147483647;
			files = (
				6CCE26951994B3F100FC4A5B /* SHSDirectoryTableViewCell.xib in Resources */,
				6C6E5B49199301FE00B26782 /* Images.xcassets in Resources */,
				6C6E5B38199301FE00B26782 /* InfoPlist.strings in Resources */,
				6C4FB325199373E500084B82 /* meTab@2x.png in Resources */,
				6C4FB3291993749200084B82 /* homeTab@2x.png in Resources */,
				6C6E5B41199301FE00B26782 /* Main.storyboard in Resources */,
				6C4FB322199373E500084B82 /* bellTab@2x.png in Resources */,
				6C4FB323199373E500084B82 /* directoryTab@2x.png in Resources */,
				6C4FB31D1993731500084B82 /* newsTab@2x.png in Resources */,
			);
			runOnlyForDeploymentPostprocessing = 0;
		};
		6C6E5B4C199301FE00B26782 /* Resources */ = {
			isa = PBXResourcesBuildPhase;
			buildActionMask = 2147483647;
			files = (
				6C6E5B5A199301FE00B26782 /* InfoPlist.strings in Resources */,
			);
			runOnlyForDeploymentPostprocessing = 0;
		};
/* End PBXResourcesBuildPhase section */

/* Begin PBXShellScriptBuildPhase section */
		58E6850BAE2D47DCBB5F68A6 /* Check Pods Manifest.lock */ = {
			isa = PBXShellScriptBuildPhase;
			buildActionMask = 2147483647;
			files = (
			);
			inputPaths = (
			);
			name = "Check Pods Manifest.lock";
			outputPaths = (
			);
			runOnlyForDeploymentPostprocessing = 0;
			shellPath = /bin/sh;
			shellScript = "diff \"${PODS_ROOT}/../Podfile.lock\" \"${PODS_ROOT}/Manifest.lock\" > /dev/null\nif [[ $? != 0 ]] ; then\n    cat << EOM\nerror: The sandbox is not in sync with the Podfile.lock. Run 'pod install' or update your CocoaPods installation.\nEOM\n    exit 1\nfi\n";
			showEnvVarsInLog = 0;
		};
		B0955AC3F6FD488690182B2C /* Copy Pods Resources */ = {
			isa = PBXShellScriptBuildPhase;
			buildActionMask = 2147483647;
			files = (
			);
			inputPaths = (
			);
			name = "Copy Pods Resources";
			outputPaths = (
			);
			runOnlyForDeploymentPostprocessing = 0;
			shellPath = /bin/sh;
			shellScript = "\"${SRCROOT}/Pods/Pods-resources.sh\"\n";
			showEnvVarsInLog = 0;
		};
/* End PBXShellScriptBuildPhase section */

/* Begin PBXSourcesBuildPhase section */
		6C6E5B26199301FE00B26782 /* Sources */ = {
			isa = PBXSourcesBuildPhase;
			buildActionMask = 2147483647;
			files = (
				6C4FB30A19936AB500084B82 /* SHSCalendarView.m in Sources */,
				6C4FB30719936AA800084B82 /* SHSAnnouncementsView.m in Sources */,
				6C6E5B6719930FBA00B26782 /* SHSHomeViewController.m in Sources */,
				6C6E5B3A199301FE00B26782 /* main.m in Sources */,
				6C6E5B3E199301FE00B26782 /* SHSAppDelegate.m in Sources */,
				6CCE26941994B3F100FC4A5B /* SHSDirectoryTableViewCell.m in Sources */,
				6C6E5B6A19932AFC00B26782 /* SHSBellScheduleViewController.m in Sources */,
				6C6E5B6D19932D6100B26782 /* SHSMeViewController.m in Sources */,
				6C6E5B7019932DB300B26782 /* SHSDirectoryViewController.m in Sources */,
				6C4FB32F1993755800084B82 /* SHSNewsViewController.m in Sources */,
			);
			runOnlyForDeploymentPostprocessing = 0;
		};
		6C6E5B4A199301FE00B26782 /* Sources */ = {
			isa = PBXSourcesBuildPhase;
			buildActionMask = 2147483647;
			files = (
				6C6E5B5C199301FE00B26782 /* SHSAppTests.m in Sources */,
			);
			runOnlyForDeploymentPostprocessing = 0;
		};
/* End PBXSourcesBuildPhase section */

/* Begin PBXTargetDependency section */
		6C6E5B54199301FE00B26782 /* PBXTargetDependency */ = {
			isa = PBXTargetDependency;
			target = 6C6E5B29199301FE00B26782 /* SHSApp */;
			targetProxy = 6C6E5B53199301FE00B26782 /* PBXContainerItemProxy */;
		};
/* End PBXTargetDependency section */

/* Begin PBXVariantGroup section */
		6C6E5B36199301FE00B26782 /* InfoPlist.strings */ = {
			isa = PBXVariantGroup;
			children = (
				6C6E5B37199301FE00B26782 /* en */,
			);
			name = InfoPlist.strings;
			sourceTree = "<group>";
		};
		6C6E5B3F199301FE00B26782 /* Main.storyboard */ = {
			isa = PBXVariantGroup;
			children = (
				6C6E5B40199301FE00B26782 /* Base */,
			);
			name = Main.storyboard;
			sourceTree = "<group>";
		};
		6C6E5B58199301FE00B26782 /* InfoPlist.strings */ = {
			isa = PBXVariantGroup;
			children = (
				6C6E5B59199301FE00B26782 /* en */,
			);
			name = InfoPlist.strings;
			sourceTree = "<group>";
		};
/* End PBXVariantGroup section */

/* Begin XCBuildConfiguration section */
		6C6E5B5D199301FE00B26782 /* Debug */ = {
			isa = XCBuildConfiguration;
			buildSettings = {
				ALWAYS_SEARCH_USER_PATHS = NO;
				CLANG_CXX_LANGUAGE_STANDARD = "gnu++0x";
				CLANG_CXX_LIBRARY = "libc++";
				CLANG_ENABLE_MODULES = YES;
				CLANG_ENABLE_OBJC_ARC = YES;
				CLANG_WARN_BOOL_CONVERSION = YES;
				CLANG_WARN_CONSTANT_CONVERSION = YES;
				CLANG_WARN_DIRECT_OBJC_ISA_USAGE = YES_ERROR;
				CLANG_WARN_EMPTY_BODY = YES;
				CLANG_WARN_ENUM_CONVERSION = YES;
				CLANG_WARN_INT_CONVERSION = YES;
				CLANG_WARN_OBJC_ROOT_CLASS = YES_ERROR;
				CLANG_WARN__DUPLICATE_METHOD_MATCH = YES;
				"CODE_SIGN_IDENTITY[sdk=iphoneos*]" = "iPhone Developer";
				COPY_PHASE_STRIP = NO;
				GCC_C_LANGUAGE_STANDARD = gnu99;
				GCC_DYNAMIC_NO_PIC = NO;
				GCC_OPTIMIZATION_LEVEL = 0;
				GCC_PREPROCESSOR_DEFINITIONS = (
					"DEBUG=1",
					"$(inherited)",
				);
				GCC_SYMBOLS_PRIVATE_EXTERN = NO;
				GCC_WARN_64_TO_32_BIT_CONVERSION = YES;
				GCC_WARN_ABOUT_RETURN_TYPE = YES_ERROR;
				GCC_WARN_UNDECLARED_SELECTOR = YES;
				GCC_WARN_UNINITIALIZED_AUTOS = YES_AGGRESSIVE;
				GCC_WARN_UNUSED_FUNCTION = YES;
				GCC_WARN_UNUSED_VARIABLE = YES;
				IPHONEOS_DEPLOYMENT_TARGET = 7.1;
				ONLY_ACTIVE_ARCH = YES;
				SDKROOT = iphoneos;
			};
			name = Debug;
		};
		6C6E5B5E199301FE00B26782 /* Release */ = {
			isa = XCBuildConfiguration;
			buildSettings = {
				ALWAYS_SEARCH_USER_PATHS = NO;
				CLANG_CXX_LANGUAGE_STANDARD = "gnu++0x";
				CLANG_CXX_LIBRARY = "libc++";
				CLANG_ENABLE_MODULES = YES;
				CLANG_ENABLE_OBJC_ARC = YES;
				CLANG_WARN_BOOL_CONVERSION = YES;
				CLANG_WARN_CONSTANT_CONVERSION = YES;
				CLANG_WARN_DIRECT_OBJC_ISA_USAGE = YES_ERROR;
				CLANG_WARN_EMPTY_BODY = YES;
				CLANG_WARN_ENUM_CONVERSION = YES;
				CLANG_WARN_INT_CONVERSION = YES;
				CLANG_WARN_OBJC_ROOT_CLASS = YES_ERROR;
				CLANG_WARN__DUPLICATE_METHOD_MATCH = YES;
				"CODE_SIGN_IDENTITY[sdk=iphoneos*]" = "iPhone Developer";
				COPY_PHASE_STRIP = YES;
				ENABLE_NS_ASSERTIONS = NO;
				GCC_C_LANGUAGE_STANDARD = gnu99;
				GCC_WARN_64_TO_32_BIT_CONVERSION = YES;
				GCC_WARN_ABOUT_RETURN_TYPE = YES_ERROR;
				GCC_WARN_UNDECLARED_SELECTOR = YES;
				GCC_WARN_UNINITIALIZED_AUTOS = YES_AGGRESSIVE;
				GCC_WARN_UNUSED_FUNCTION = YES;
				GCC_WARN_UNUSED_VARIABLE = YES;
				IPHONEOS_DEPLOYMENT_TARGET = 7.1;
				SDKROOT = iphoneos;
				VALIDATE_PRODUCT = YES;
			};
			name = Release;
		};
		6C6E5B60199301FE00B26782 /* Debug */ = {
			isa = XCBuildConfiguration;
			baseConfigurationReference = C1211A730D5B476EBA19EDFF /* Pods.xcconfig */;
			buildSettings = {
				ASSETCATALOG_COMPILER_APPICON_NAME = AppIcon;
				ASSETCATALOG_COMPILER_LAUNCHIMAGE_NAME = LaunchImage;
				GCC_PRECOMPILE_PREFIX_HEADER = YES;
				GCC_PREFIX_HEADER = "SHSApp/SHSApp-Prefix.pch";
				INFOPLIST_FILE = "SHSApp/SHSApp-Info.plist";
				PRODUCT_NAME = "$(TARGET_NAME)";
				WRAPPER_EXTENSION = app;
			};
			name = Debug;
		};
		6C6E5B61199301FE00B26782 /* Release */ = {
			isa = XCBuildConfiguration;
			baseConfigurationReference = C1211A730D5B476EBA19EDFF /* Pods.xcconfig */;
			buildSettings = {
				ASSETCATALOG_COMPILER_APPICON_NAME = AppIcon;
				ASSETCATALOG_COMPILER_LAUNCHIMAGE_NAME = LaunchImage;
				GCC_PRECOMPILE_PREFIX_HEADER = YES;
				GCC_PREFIX_HEADER = "SHSApp/SHSApp-Prefix.pch";
				INFOPLIST_FILE = "SHSApp/SHSApp-Info.plist";
				PRODUCT_NAME = "$(TARGET_NAME)";
				WRAPPER_EXTENSION = app;
			};
			name = Release;
		};
		6C6E5B63199301FE00B26782 /* Debug */ = {
			isa = XCBuildConfiguration;
			buildSettings = {
				BUNDLE_LOADER = "$(BUILT_PRODUCTS_DIR)/SHSApp.app/SHSApp";
				FRAMEWORK_SEARCH_PATHS = (
					"$(SDKROOT)/Developer/Library/Frameworks",
					"$(inherited)",
					"$(DEVELOPER_FRAMEWORKS_DIR)",
				);
				GCC_PRECOMPILE_PREFIX_HEADER = YES;
				GCC_PREFIX_HEADER = "SHSApp/SHSApp-Prefix.pch";
				GCC_PREPROCESSOR_DEFINITIONS = (
					"DEBUG=1",
					"$(inherited)",
				);
				INFOPLIST_FILE = "SHSAppTests/SHSAppTests-Info.plist";
				PRODUCT_NAME = "$(TARGET_NAME)";
				TEST_HOST = "$(BUNDLE_LOADER)";
				WRAPPER_EXTENSION = xctest;
			};
			name = Debug;
		};
		6C6E5B64199301FE00B26782 /* Release */ = {
			isa = XCBuildConfiguration;
			buildSettings = {
				BUNDLE_LOADER = "$(BUILT_PRODUCTS_DIR)/SHSApp.app/SHSApp";
				FRAMEWORK_SEARCH_PATHS = (
					"$(SDKROOT)/Developer/Library/Frameworks",
					"$(inherited)",
					"$(DEVELOPER_FRAMEWORKS_DIR)",
				);
				GCC_PRECOMPILE_PREFIX_HEADER = YES;
				GCC_PREFIX_HEADER = "SHSApp/SHSApp-Prefix.pch";
				INFOPLIST_FILE = "SHSAppTests/SHSAppTests-Info.plist";
				PRODUCT_NAME = "$(TARGET_NAME)";
				TEST_HOST = "$(BUNDLE_LOADER)";
				WRAPPER_EXTENSION = xctest;
			};
			name = Release;
		};
/* End XCBuildConfiguration section */

/* Begin XCConfigurationList section */
		6C6E5B25199301FE00B26782 /* Build configuration list for PBXProject "SHSApp" */ = {
			isa = XCConfigurationList;
			buildConfigurations = (
				6C6E5B5D199301FE00B26782 /* Debug */,
				6C6E5B5E199301FE00B26782 /* Release */,
			);
			defaultConfigurationIsVisible = 0;
			defaultConfigurationName = Release;
		};
		6C6E5B5F199301FE00B26782 /* Build configuration list for PBXNativeTarget "SHSApp" */ = {
			isa = XCConfigurationList;
			buildConfigurations = (
				6C6E5B60199301FE00B26782 /* Debug */,
				6C6E5B61199301FE00B26782 /* Release */,
			);
			defaultConfigurationIsVisible = 0;
			defaultConfigurationName = Release;
		};
		6C6E5B62199301FE00B26782 /* Build configuration list for PBXNativeTarget "SHSAppTests" */ = {
			isa = XCConfigurationList;
			buildConfigurations = (
				6C6E5B63199301FE00B26782 /* Debug */,
				6C6E5B64199301FE00B26782 /* Release */,
			);
			defaultConfigurationIsVisible = 0;
			defaultConfigurationName = Release;
		};
/* End XCConfigurationList section */
	};
	rootObject = 6C6E5B22199301FE00B26782 /* Project object */;
}
